
Microsoft Visual Studio Solution File, Format Version 12.00
# Visual Studio Version 16
VisualStudioVersion = 16.0.30413.136
MinimumVisualStudioVersion = 10.0.40219.1
Project("{FAE04EC0-301F-11D3-BF4B-00C04F79EFBC}") = "DepHerokuSample", "DepHerokuSample\DepHerokuSample.csproj", "{B6D16319-A43E-43B2-9BB7-E937FC0DE113}"
EndProject
Global
	GlobalSection(SolutionConfigurationPlatforms) = preSolution
		Debug|Any CPU = Debug|Any CPU
		Release|Any CPU = Release|Any CPU
	EndGlobalSection
	GlobalSection(ProjectConfigurationPlatforms) = postSolution
		{B6D16319-A43E-43B2-9BB7-E937FC0DE113}.Debug|Any CPU.ActiveCfg = Debug|Any CPU
		{B6D16319-A43E-43B2-9BB7-E937FC0DE113}.Debug|Any CPU.Build.0 = Debug|Any CPU
		{B6D16319-A43E-43B2-9BB7-E937FC0DE113}.Release|Any CPU.ActiveCfg = Release|Any CPU
		{B6D16319-A43E-43B2-9BB7-E937FC0DE113}.Release|Any CPU.Build.0 = Release|Any CPU
	EndGlobalSection
	GlobalSection(SolutionProperties) = preSolution
		HideSolutionNode = FALSE
	EndGlobalSection
	GlobalSection(ExtensibilityGlobals) = postSolution
		SolutionGuid = {22EEF2F3-A51F-44C5-890F-7963EBC9FE45}
	EndGlobalSection
EndGlobal
